{
  "name": "jekyll-koru",
  "version": "1.0.0",
  "lockfileVersion": 1,
  "requires": true,
  "dependencies": {
    "koru-base": {
      "version": "2.1.16",
      "resolved": "https://repo.ucar.edu/artifactory/api/npm/npm-virtual/koru-base/-/koru-base-2.1.16.tgz",
      "integrity": "sha1-SJBfAFjv8LGkaTN0idOXb+Vmlxo="
    }
  }
}
