{
  "name": "jekyll-koru",
  "version": "1.0.0",
  "lockfileVersion": 1,
  "requires": true,
  "dependencies": {
    "koru-base": {
      "version": "2.1.24",
      "resolved": "https://repo.ucar.edu/artifactory/api/npm/npm-virtual/koru-base/-/koru-base-2.1.24.tgz",
      "integrity": "sha1-fGF2oaPuNuL9zcTq/0JCV7SR0AU="
    }
  }
}
