{
  "name": "jekyll-koru",
  "version": "1.0.0",
  "lockfileVersion": 1,
  "requires": true,
  "dependencies": {
    "koru-base": {
      "version": "2.1.20",
      "resolved": "https://repo.ucar.edu/artifactory/api/npm/npm-virtual/koru-base/-/koru-base-2.1.20.tgz",
      "integrity": "sha1-W7BhxVIa7w415NtsRQESnuC7pa4="
    }
  }
}
